
Microsoft Visual Studio Solution File, Format Version 12.00
# Visual Studio 15
VisualStudioVersion = 15.0.26124.0
MinimumVisualStudioVersion = 15.0.26124.0
Project("{FAE04EC0-301F-11D3-BF4B-00C04F79EFBC}") = "Payment.Context.Domain", "Payment.Context.Domain\Payment.Context.Domain.csproj", "{98B176E9-ACD1-4821-BCA5-E0F5EB2AC83E}"
EndProject
Project("{FAE04EC0-301F-11D3-BF4B-00C04F79EFBC}") = "Payment.Context.Shared", "Payment.Context.Shared\Payment.Context.Shared.csproj", "{5CB8A4D4-A275-41DA-BDE6-5F5EC11C6964}"
EndProject
Project("{FAE04EC0-301F-11D3-BF4B-00C04F79EFBC}") = "Payment.Context.Tests", "Payment.Context.Tests\Payment.Context.Tests.csproj", "{C3F726FA-E5EA-4FF7-9E06-E07939C00E8A}"
EndProject
Global
	GlobalSection(SolutionConfigurationPlatforms) = preSolution
		Debug|Any CPU = Debug|Any CPU
		Debug|x64 = Debug|x64
		Debug|x86 = Debug|x86
		Release|Any CPU = Release|Any CPU
		Release|x64 = Release|x64
		Release|x86 = Release|x86
	EndGlobalSection
	GlobalSection(SolutionProperties) = preSolution
		HideSolutionNode = FALSE
	EndGlobalSection
	GlobalSection(ProjectConfigurationPlatforms) = postSolution
		{98B176E9-ACD1-4821-BCA5-E0F5EB2AC83E}.Debug|Any CPU.ActiveCfg = Debug|Any CPU
		{98B176E9-ACD1-4821-BCA5-E0F5EB2AC83E}.Debug|Any CPU.Build.0 = Debug|Any CPU
		{98B176E9-ACD1-4821-BCA5-E0F5EB2AC83E}.Debug|x64.ActiveCfg = Debug|Any CPU
		{98B176E9-ACD1-4821-BCA5-E0F5EB2AC83E}.Debug|x64.Build.0 = Debug|Any CPU
		{98B176E9-ACD1-4821-BCA5-E0F5EB2AC83E}.Debug|x86.ActiveCfg = Debug|Any CPU
		{98B176E9-ACD1-4821-BCA5-E0F5EB2AC83E}.Debug|x86.Build.0 = Debug|Any CPU
		{98B176E9-ACD1-4821-BCA5-E0F5EB2AC83E}.Release|Any CPU.ActiveCfg = Release|Any CPU
		{98B176E9-ACD1-4821-BCA5-E0F5EB2AC83E}.Release|Any CPU.Build.0 = Release|Any CPU
		{98B176E9-ACD1-4821-BCA5-E0F5EB2AC83E}.Release|x64.ActiveCfg = Release|Any CPU
		{98B176E9-ACD1-4821-BCA5-E0F5EB2AC83E}.Release|x64.Build.0 = Release|Any CPU
		{98B176E9-ACD1-4821-BCA5-E0F5EB2AC83E}.Release|x86.ActiveCfg = Release|Any CPU
		{98B176E9-ACD1-4821-BCA5-E0F5EB2AC83E}.Release|x86.Build.0 = Release|Any CPU
		{5CB8A4D4-A275-41DA-BDE6-5F5EC11C6964}.Debug|Any CPU.ActiveCfg = Debug|Any CPU
		{5CB8A4D4-A275-41DA-BDE6-5F5EC11C6964}.Debug|Any CPU.Build.0 = Debug|Any CPU
		{5CB8A4D4-A275-41DA-BDE6-5F5EC11C6964}.Debug|x64.ActiveCfg = Debug|Any CPU
		{5CB8A4D4-A275-41DA-BDE6-5F5EC11C6964}.Debug|x64.Build.0 = Debug|Any CPU
		{5CB8A4D4-A275-41DA-BDE6-5F5EC11C6964}.Debug|x86.ActiveCfg = Debug|Any CPU
		{5CB8A4D4-A275-41DA-BDE6-5F5EC11C6964}.Debug|x86.Build.0 = Debug|Any CPU
		{5CB8A4D4-A275-41DA-BDE6-5F5EC11C6964}.Release|Any CPU.ActiveCfg = Release|Any CPU
		{5CB8A4D4-A275-41DA-BDE6-5F5EC11C6964}.Release|Any CPU.Build.0 = Release|Any CPU
		{5CB8A4D4-A275-41DA-BDE6-5F5EC11C6964}.Release|x64.ActiveCfg = Release|Any CPU
		{5CB8A4D4-A275-41DA-BDE6-5F5EC11C6964}.Release|x64.Build.0 = Release|Any CPU
		{5CB8A4D4-A275-41DA-BDE6-5F5EC11C6964}.Release|x86.ActiveCfg = Release|Any CPU
		{5CB8A4D4-A275-41DA-BDE6-5F5EC11C6964}.Release|x86.Build.0 = Release|Any CPU
		{C3F726FA-E5EA-4FF7-9E06-E07939C00E8A}.Debug|Any CPU.ActiveCfg = Debug|Any CPU
		{C3F726FA-E5EA-4FF7-9E06-E07939C00E8A}.Debug|Any CPU.Build.0 = Debug|Any CPU
		{C3F726FA-E5EA-4FF7-9E06-E07939C00E8A}.Debug|x64.ActiveCfg = Debug|Any CPU
		{C3F726FA-E5EA-4FF7-9E06-E07939C00E8A}.Debug|x64.Build.0 = Debug|Any CPU
		{C3F726FA-E5EA-4FF7-9E06-E07939C00E8A}.Debug|x86.ActiveCfg = Debug|Any CPU
		{C3F726FA-E5EA-4FF7-9E06-E07939C00E8A}.Debug|x86.Build.0 = Debug|Any CPU
		{C3F726FA-E5EA-4FF7-9E06-E07939C00E8A}.Release|Any CPU.ActiveCfg = Release|Any CPU
		{C3F726FA-E5EA-4FF7-9E06-E07939C00E8A}.Release|Any CPU.Build.0 = Release|Any CPU
		{C3F726FA-E5EA-4FF7-9E06-E07939C00E8A}.Release|x64.ActiveCfg = Release|Any CPU
		{C3F726FA-E5EA-4FF7-9E06-E07939C00E8A}.Release|x64.Build.0 = Release|Any CPU
		{C3F726FA-E5EA-4FF7-9E06-E07939C00E8A}.Release|x86.ActiveCfg = Release|Any CPU
		{C3F726FA-E5EA-4FF7-9E06-E07939C00E8A}.Release|x86.Build.0 = Release|Any CPU
	EndGlobalSection
EndGlobal
